// !$*UTF8*$!
{
	archiveVersion = 1;
	classes = {
	};
	objectVersion = 50;
	objects = {

/* Begin PBXBuildFile section */
		8F78E326591C8B0CD9144CB9 /* Pods_Tockr.framework in Frameworks */ = {isa = PBXBuildFile; fileRef = 11CF49336D8CD2D3E337DB02 /* Pods_Tockr.framework */; };
		DBFB257F212B6FDD0031186D /* AppDelegate.swift in Sources */ = {isa = PBXBuildFile; fileRef = DBFB257E212B6FDD0031186D /* AppDelegate.swift */; };
		DBFB2586212B6FDF0031186D /* Assets.xcassets in Resources */ = {isa = PBXBuildFile; fileRef = DBFB2585212B6FDF0031186D /* Assets.xcassets */; };
		DBFB2589212B6FDF0031186D /* LaunchScreen.storyboard in Resources */ = {isa = PBXBuildFile; fileRef = DBFB2587212B6FDF0031186D /* LaunchScreen.storyboard */; };
		DBFB2594212B70970031186D /* PomodoroViewController.swift in Sources */ = {isa = PBXBuildFile; fileRef = DBFB2593212B70970031186D /* PomodoroViewController.swift */; };
		DBFB2596212B7B850031186D /* WelcomeViewController.swift in Sources */ = {isa = PBXBuildFile; fileRef = DBFB2595212B7B850031186D /* WelcomeViewController.swift */; };
/* End PBXBuildFile section */

/* Begin PBXFileReference section */
		11CF49336D8CD2D3E337DB02 /* Pods_Tockr.framework */ = {isa = PBXFileReference; explicitFileType = wrapper.framework; includeInIndex = 0; path = Pods_Tockr.framework; sourceTree = BUILT_PRODUCTS_DIR; };
		CA40D6D6BECEC9BD8445BA2E /* Pods-Tockr.release.xcconfig */ = {isa = PBXFileReference; includeInIndex = 1; lastKnownFileType = text.xcconfig; name = "Pods-Tockr.release.xcconfig"; path = "Pods/Target Support Files/Pods-Tockr/Pods-Tockr.release.xcconfig"; sourceTree = "<group>"; };
		DBFB257B212B6FDD0031186D /* Tockr.app */ = {isa = PBXFileReference; explicitFileType = wrapper.application; includeInIndex = 0; path = Tockr.app; sourceTree = BUILT_PRODUCTS_DIR; };
		DBFB257E212B6FDD0031186D /* AppDelegate.swift */ = {isa = PBXFileReference; lastKnownFileType = sourcecode.swift; path = AppDelegate.swift; sourceTree = "<group>"; };
		DBFB2585212B6FDF0031186D /* Assets.xcassets */ = {isa = PBXFileReference; lastKnownFileType = folder.assetcatalog; path = Assets.xcassets; sourceTree = "<group>"; };
		DBFB2588212B6FDF0031186D /* Base */ = {isa = PBXFileReference; lastKnownFileType = file.storyboard; name = Base; path = Base.lproj/LaunchScreen.storyboard; sourceTree = "<group>"; };
		DBFB258A212B6FDF0031186D /* Info.plist */ = {isa = PBXFileReference; lastKnownFileType = text.plist.xml; path = Info.plist; sourceTree = "<group>"; };
		DBFB2593212B70970031186D /* PomodoroViewController.swift */ = {isa = PBXFileReference; lastKnownFileType = sourcecode.swift; path = PomodoroViewController.swift; sourceTree = "<group>"; };
		DBFB2595212B7B850031186D /* WelcomeViewController.swift */ = {isa = PBXFileReference; lastKnownFileType = sourcecode.swift; path = WelcomeViewController.swift; sourceTree = "<group>"; };
		DE8C84849C6FE3AF8C411561 /* Pods-Tockr.debug.xcconfig */ = {isa = PBXFileReference; includeInIndex = 1; lastKnownFileType = text.xcconfig; name = "Pods-Tockr.debug.xcconfig"; path = "Pods/Target Support Files/Pods-Tockr/Pods-Tockr.debug.xcconfig"; sourceTree = "<group>"; };
/* End PBXFileReference section */

/* Begin PBXFrameworksBuildPhase section */
		DBFB2578212B6FDD0031186D /* Frameworks */ = {
			isa = PBXFrameworksBuildPhase;
			buildActionMask = 2147483647;
			files = (
				8F78E326591C8B0CD9144CB9 /* Pods_Tockr.framework in Frameworks */,
			);
			runOnlyForDeploymentPostprocessing = 0;
		};
/* End PBXFrameworksBuildPhase section */

/* Begin PBXGroup section */
		4E103869AE05A366593ED29D /* Frameworks */ = {
			isa = PBXGroup;
			children = (
				11CF49336D8CD2D3E337DB02 /* Pods_Tockr.framework */,
			);
			name = Frameworks;
			sourceTree = "<group>";
		};
		DBFB2572212B6FDD0031186D = {
			isa = PBXGroup;
			children = (
				DBFB257D212B6FDD0031186D /* Tockr */,
				DBFB257C212B6FDD0031186D /* Products */,
				DE9BDB5B8C5BCB20EF8019D9 /* Pods */,
				4E103869AE05A366593ED29D /* Frameworks */,
			);
			sourceTree = "<group>";
		};
		DBFB257C212B6FDD0031186D /* Products */ = {
			isa = PBXGroup;
			children = (
				DBFB257B212B6FDD0031186D /* Tockr.app */,
			);
			name = Products;
			sourceTree = "<group>";
		};
		DBFB257D212B6FDD0031186D /* Tockr */ = {
			isa = PBXGroup;
			children = (
				DBFB257E212B6FDD0031186D /* AppDelegate.swift */,
				DBFB2590212B705C0031186D /* Controllers */,
				DBFB2585212B6FDF0031186D /* Assets.xcassets */,
				DBFB2587212B6FDF0031186D /* LaunchScreen.storyboard */,
				DBFB258A212B6FDF0031186D /* Info.plist */,
			);
			path = Tockr;
			sourceTree = "<group>";
		};
		DBFB2590212B705C0031186D /* Controllers */ = {
			isa = PBXGroup;
			children = (
				DBFB2593212B70970031186D /* PomodoroViewController.swift */,
				DBFB2595212B7B850031186D /* WelcomeViewController.swift */,
			);
			path = Controllers;
			sourceTree = "<group>";
		};
		DE9BDB5B8C5BCB20EF8019D9 /* Pods */ = {
			isa = PBXGroup;
			children = (
				DE8C84849C6FE3AF8C411561 /* Pods-Tockr.debug.xcconfig */,
				CA40D6D6BECEC9BD8445BA2E /* Pods-Tockr.release.xcconfig */,
			);
			name = Pods;
			sourceTree = "<group>";
		};
/* End PBXGroup section */

/* Begin PBXNativeTarget section */
		DBFB257A212B6FDD0031186D /* Tockr */ = {
			isa = PBXNativeTarget;
			buildConfigurationList = DBFB258D212B6FDF0031186D /* Build configuration list for PBXNativeTarget "Tockr" */;
			buildPhases = (
				A4226E8A77CAA3C2056FA006 /* [CP] Check Pods Manifest.lock */,
				DBFB2577212B6FDD0031186D /* Sources */,
				DBFB2578212B6FDD0031186D /* Frameworks */,
				DBFB2579212B6FDD0031186D /* Resources */,
				74300098FC321557E8E2D3A9 /* [CP] Embed Pods Frameworks */,
			);
			buildRules = (
			);
			dependencies = (
			);
			name = Tockr;
			productName = Tockr;
			productReference = DBFB257B212B6FDD0031186D /* Tockr.app */;
			productType = "com.apple.product-type.application";
		};
/* End PBXNativeTarget section */

/* Begin PBXProject section */
		DBFB2573212B6FDD0031186D /* Project object */ = {
			isa = PBXProject;
			attributes = {
				LastSwiftUpdateCheck = 0940;
				LastUpgradeCheck = 0940;
				ORGANIZATIONNAME = "Connor Svrcek";
				TargetAttributes = {
					DBFB257A212B6FDD0031186D = {
						CreatedOnToolsVersion = 9.4.1;
					};
				};
			};
			buildConfigurationList = DBFB2576212B6FDD0031186D /* Build configuration list for PBXProject "Tockr" */;
			compatibilityVersion = "Xcode 9.3";
			developmentRegion = en;
			hasScannedForEncodings = 0;
			knownRegions = (
				en,
				Base,
			);
			mainGroup = DBFB2572212B6FDD0031186D;
			productRefGroup = DBFB257C212B6FDD0031186D /* Products */;
			projectDirPath = "";
			projectRoot = "";
			targets = (
				DBFB257A212B6FDD0031186D /* Tockr */,
			);
		};
/* End PBXProject section */

/* Begin PBXResourcesBuildPhase section */
		DBFB2579212B6FDD0031186D /* Resources */ = {
			isa = PBXResourcesBuildPhase;
			buildActionMask = 2147483647;
			files = (
				DBFB2589212B6FDF0031186D /* LaunchScreen.storyboard in Resources */,
				DBFB2586212B6FDF0031186D /* Assets.xcassets in Resources */,
			);
			runOnlyForDeploymentPostprocessing = 0;
		};
/* End PBXResourcesBuildPhase section */

/* Begin PBXShellScriptBuildPhase section */
		74300098FC321557E8E2D3A9 /* [CP] Embed Pods Frameworks */ = {
			isa = PBXShellScriptBuildPhase;
			buildActionMask = 2147483647;
			files = (
			);
			inputPaths = (
				"${SRCROOT}/Pods/Target Support Files/Pods-Tockr/Pods-Tockr-frameworks.sh",
				"${BUILT_PRODUCTS_DIR}/UICircularProgressRing/UICircularProgressRing.framework",
			);
			name = "[CP] Embed Pods Frameworks";
			outputPaths = (
				"${TARGET_BUILD_DIR}/${FRAMEWORKS_FOLDER_PATH}/UICircularProgressRing.framework",
			);
			runOnlyForDeploymentPostprocessing = 0;
			shellPath = /bin/sh;
			shellScript = "\"${SRCROOT}/Pods/Target Support Files/Pods-Tockr/Pods-Tockr-frameworks.sh\"\n";
			showEnvVarsInLog = 0;
		};
		A4226E8A77CAA3C2056FA006 /* [CP] Check Pods Manifest.lock */ = {
			isa = PBXShellScriptBuildPhase;
			buildActionMask = 2147483647;
			files = (
			);
			inputPaths = (
				"${PODS_PODFILE_DIR_PATH}/Podfile.lock",
				"${PODS_ROOT}/Manifest.lock",
			);
			name = "[CP] Check Pods Manifest.lock";
			outputPaths = (
				"$(DERIVED_FILE_DIR)/Pods-Tockr-checkManifestLockResult.txt",
			);
			runOnlyForDeploymentPostprocessing = 0;
			shellPath = /bin/sh;
			shellScript = "diff \"${PODS_PODFILE_DIR_PATH}/Podfile.lock\" \"${PODS_ROOT}/Manifest.lock\" > /dev/null\nif [ $? != 0 ] ; then\n    # print error to STDERR\n    echo \"error: The sandbox is not in sync with the Podfile.lock. Run 'pod install' or update your CocoaPods installation.\" >&2\n    exit 1\nfi\n# This output is used by Xcode 'outputs' to avoid re-running this script phase.\necho \"SUCCESS\" > \"${SCRIPT_OUTPUT_FILE_0}\"\n";
			showEnvVarsInLog = 0;
		};
/* End PBXShellScriptBuildPhase section */

/* Begin PBXSourcesBuildPhase section */
		DBFB2577212B6FDD0031186D /* Sources */ = {
			isa = PBXSourcesBuildPhase;
			buildActionMask = 2147483647;
			files = (
				DBFB2596212B7B850031186D /* WelcomeViewController.swift in Sources */,
				DBFB257F212B6FDD0031186D /* AppDelegate.swift in Sources */,
				DBFB2594212B70970031186D /* PomodoroViewController.swift in Sources */,
			);
			runOnlyForDeploymentPostprocessing = 0;
		};
/* End PBXSourcesBuildPhase section */

/* Begin PBXVariantGroup section */
		DBFB2587212B6FDF0031186D /* LaunchScreen.storyboard */ = {
			isa = PBXVariantGroup;
			children = (
				DBFB2588212B6FDF0031186D /* Base */,
			);
			name = LaunchScreen.storyboard;
			sourceTree = "<group>";
		};
/* End PBXVariantGroup section */

/* Begin XCBuildConfiguration section */
		DBFB258B212B6FDF0031186D /* Debug */ = {
			isa = XCBuildConfiguration;
			buildSettings = {
				ALWAYS_SEARCH_USER_PATHS = NO;
				CLANG_ANALYZER_NONNULL = YES;
				CLANG_ANALYZER_NUMBER_OBJECT_CONVERSION = YES_AGGRESSIVE;
				CLANG_CXX_LANGUAGE_STANDARD = "gnu++14";
				CLANG_CXX_LIBRARY = "libc++";
				CLANG_ENABLE_MODULES = YES;
				CLANG_ENABLE_OBJC_ARC = YES;
				CLANG_ENABLE_OBJC_WEAK = YES;
				CLANG_WARN_BLOCK_CAPTURE_AUTORELEASING = YES;
				CLANG_WARN_BOOL_CONVERSION = YES;
				CLANG_WARN_COMMA = YES;
				CLANG_WARN_CONSTANT_CONVERSION = YES;
				CLANG_WARN_DEPRECATED_OBJC_IMPLEMENTATIONS = YES;
				CLANG_WARN_DIRECT_OBJC_ISA_USAGE = YES_ERROR;
				CLANG_WARN_DOCUMENTATION_COMMENTS = YES;
				CLANG_WARN_EMPTY_BODY = YES;
				CLANG_WARN_ENUM_CONVERSION = YES;
				CLANG_WARN_INFINITE_RECURSION = YES;
				CLANG_WARN_INT_CONVERSION = YES;
				CLANG_WARN_NON_LITERAL_NULL_CONVERSION = YES;
				CLANG_WARN_OBJC_IMPLICIT_RETAIN_SELF = YES;
				CLANG_WARN_OBJC_LITERAL_CONVERSION = YES;
				CLANG_WARN_OBJC_ROOT_CLASS = YES_ERROR;
				CLANG_WARN_RANGE_LOOP_ANALYSIS = YES;
				CLANG_WARN_STRICT_PROTOTYPES = YES;
				CLANG_WARN_SUSPICIOUS_MOVE = YES;
				CLANG_WARN_UNGUARDED_AVAILABILITY = YES_AGGRESSIVE;
				CLANG_WARN_UNREACHABLE_CODE = YES;
				CLANG_WARN__DUPLICATE_METHOD_MATCH = YES;
				CODE_SIGN_IDENTITY = "iPhone Developer";
				COPY_PHASE_STRIP = NO;
				DEBUG_INFORMATION_FORMAT = dwarf;
				ENABLE_STRICT_OBJC_MSGSEND = YES;
				ENABLE_TESTABILITY = YES;
				GCC_C_LANGUAGE_STANDARD = gnu11;
				GCC_DYNAMIC_NO_PIC = NO;
				GCC_NO_COMMON_BLOCKS = YES;
				GCC_OPTIMIZATION_LEVEL = 0;
				GCC_PREPROCESSOR_DEFINITIONS = (
					"DEBUG=1",
					"$(inherited)",
				);
				GCC_WARN_64_TO_32_BIT_CONVERSION = YES;
				GCC_WARN_ABOUT_RETURN_TYPE = YES_ERROR;
				GCC_WARN_UNDECLARED_SELECTOR = YES;
				GCC_WARN_UNINITIALIZED_AUTOS = YES_AGGRESSIVE;
				GCC_WARN_UNUSED_FUNCTION = YES;
				GCC_WARN_UNUSED_VARIABLE = YES;
				IPHONEOS_DEPLOYMENT_TARGET = 11.4;
				MTL_ENABLE_DEBUG_INFO = YES;
				ONLY_ACTIVE_ARCH = YES;
				SDKROOT = iphoneos;
				SWIFT_ACTIVE_COMPILATION_CONDITIONS = DEBUG;
				SWIFT_OPTIMIZATION_LEVEL = "-Onone";
			};
			name = Debug;
		};
		DBFB258C212B6FDF0031186D /* Release */ = {
			isa = XCBuildConfiguration;
			buildSettings = {
				ALWAYS_SEARCH_USER_PATHS = NO;
				CLANG_ANALYZER_NONNULL = YES;
				CLANG_ANALYZER_NUMBER_OBJECT_CONVERSION = YES_AGGRESSIVE;
				CLANG_CXX_LANGUAGE_STANDARD = "gnu++14";
				CLANG_CXX_LIBRARY = "libc++";
				CLANG_ENABLE_MODULES = YES;
				CLANG_ENABLE_OBJC_ARC = YES;
				CLANG_ENABLE_OBJC_WEAK = YES;
				CLANG_WARN_BLOCK_CAPTURE_AUTORELEASING = YES;
				CLANG_WARN_BOOL_CONVERSION = YES;
				CLANG_WARN_COMMA = YES;
				CLANG_WARN_CONSTANT_CONVERSION = YES;
				CLANG_WARN_DEPRECATED_OBJC_IMPLEMENTATIONS = YES;
				CLANG_WARN_DIRECT_OBJC_ISA_USAGE = YES_ERROR;
				CLANG_WARN_DOCUMENTATION_COMMENTS = YES;
				CLANG_WARN_EMPTY_BODY = YES;
				CLANG_WARN_ENUM_CONVERSION = YES;
				CLANG_WARN_INFINITE_RECURSION = YES;
				CLANG_WARN_INT_CONVERSION = YES;
				CLANG_WARN_NON_LITERAL_NULL_CONVERSION = YES;
				CLANG_WARN_OBJC_IMPLICIT_RETAIN_SELF = YES;
				CLANG_WARN_OBJC_LITERAL_CONVERSION = YES;
				CLANG_WARN_OBJC_ROOT_CLASS = YES_ERROR;
				CLANG_WARN_RANGE_LOOP_ANALYSIS = YES;
				CLANG_WARN_STRICT_PROTOTYPES = YES;
				CLANG_WARN_SUSPICIOUS_MOVE = YES;
				CLANG_WARN_UNGUARDED_AVAILABILITY = YES_AGGRESSIVE;
				CLANG_WARN_UNREACHABLE_CODE = YES;
				CLANG_WARN__DUPLICATE_METHOD_MATCH = YES;
				CODE_SIGN_IDENTITY = "iPhone Developer";
				COPY_PHASE_STRIP = NO;
				DEBUG_INFORMATION_FORMAT = "dwarf-with-dsym";
				ENABLE_NS_ASSERTIONS = NO;
				ENABLE_STRICT_OBJC_MSGSEND = YES;
				GCC_C_LANGUAGE_STANDARD = gnu11;
				GCC_NO_COMMON_BLOCKS = YES;
				GCC_WARN_64_TO_32_BIT_CONVERSION = YES;
				GCC_WARN_ABOUT_RETURN_TYPE = YES_ERROR;
				GCC_WARN_UNDECLARED_SELECTOR = YES;
				GCC_WARN_UNINITIALIZED_AUTOS = YES_AGGRESSIVE;
				GCC_WARN_UNUSED_FUNCTION = YES;
				GCC_WARN_UNUSED_VARIABLE = YES;
				IPHONEOS_DEPLOYMENT_TARGET = 11.4;
				MTL_ENABLE_DEBUG_INFO = NO;
				SDKROOT = iphoneos;
				SWIFT_COMPILATION_MODE = wholemodule;
				SWIFT_OPTIMIZATION_LEVEL = "-O";
				VALIDATE_PRODUCT = YES;
			};
			name = Release;
		};
		DBFB258E212B6FDF0031186D /* Debug */ = {
			isa = XCBuildConfiguration;
			baseConfigurationReference = DE8C84849C6FE3AF8C411561 /* Pods-Tockr.debug.xcconfig */;
			buildSettings = {
				ASSETCATALOG_COMPILER_APPICON_NAME = AppIcon;
				CODE_SIGN_STYLE = Automatic;
				DEVELOPMENT_TEAM = 9F774JFK34;
				INFOPLIST_FILE = Tockr/Info.plist;
				IPHONEOS_DEPLOYMENT_TARGET = 10.1;
				LD_RUNPATH_SEARCH_PATHS = (
					"$(inherited)",
					"@executable_path/Frameworks",
				);
				PRODUCT_BUNDLE_IDENTIFIER = com.connorsvrcek.Tockr;
				PRODUCT_NAME = "$(TARGET_NAME)";
				SWIFT_VERSION = 4.0;
				TARGETED_DEVICE_FAMILY = "1,2";
			};
			name = Debug;
		};
		DBFB258F212B6FDF0031186D /* Release */ = {
			isa = XCBuildConfiguration;
			baseConfigurationReference = CA40D6D6BECEC9BD8445BA2E /* Pods-Tockr.release.xcconfig */;
			buildSettings = {
				ASSETCATALOG_COMPILER_APPICON_NAME = AppIcon;
				CODE_SIGN_STYLE = Automatic;
				DEVELOPMENT_TEAM = 9F774JFK34;
				INFOPLIST_FILE = Tockr/Info.plist;
				IPHONEOS_DEPLOYMENT_TARGET = 10.1;
				LD_RUNPATH_SEARCH_PATHS = (
					"$(inherited)",
					"@executable_path/Frameworks",
				);
				PRODUCT_BUNDLE_IDENTIFIER = com.connorsvrcek.Tockr;
				PRODUCT_NAME = "$(TARGET_NAME)";
				SWIFT_VERSION = 4.0;
				TARGETED_DEVICE_FAMILY = "1,2";
			};
			name = Release;
		};
/* End XCBuildConfiguration section */

/* Begin XCConfigurationList section */
		DBFB2576212B6FDD0031186D /* Build configuration list for PBXProject "Tockr" */ = {
			isa = XCConfigurationList;
			buildConfigurations = (
				DBFB258B212B6FDF0031186D /* Debug */,
				DBFB258C212B6FDF0031186D /* Release */,
			);
			defaultConfigurationIsVisible = 0;
			defaultConfigurationName = Release;
		};
		DBFB258D212B6FDF0031186D /* Build configuration list for PBXNativeTarget "Tockr" */ = {
			isa = XCConfigurationList;
			buildConfigurations = (
				DBFB258E212B6FDF0031186D /* Debug */,
				DBFB258F212B6FDF0031186D /* Release */,
			);
			defaultConfigurationIsVisible = 0;
			defaultConfigurationName = Release;
		};
/* End XCConfigurationList section */
	};
	rootObject = DBFB2573212B6FDD0031186D /* Project object */;
}
